// !$*UTF8*$!
{
	archiveVersion = 1;
	classes = {
	};
	objectVersion = 55;
	objects = {

/* Begin PBXBuildFile section */
		B44FBCAE27DCB975008FCAF8 /* StatesApp.swift in Sources */ = {isa = PBXBuildFile; fileRef = B44FBC9E27DCB975008FCAF8 /* StatesApp.swift */; };
		B44FBCAF27DCB975008FCAF8 /* StatesApp.swift in Sources */ = {isa = PBXBuildFile; fileRef = B44FBC9E27DCB975008FCAF8 /* StatesApp.swift */; };
		B44FBCB227DCB975008FCAF8 /* Assets.xcassets in Resources */ = {isa = PBXBuildFile; fileRef = B44FBCA027DCB975008FCAF8 /* Assets.xcassets */; };
		B44FBCB327DCB975008FCAF8 /* Assets.xcassets in Resources */ = {isa = PBXBuildFile; fileRef = B44FBCA027DCB975008FCAF8 /* Assets.xcassets */; };
		B4F964A227DCB9FD00D13C50 /* MainList.swift in Sources */ = {isa = PBXBuildFile; fileRef = B4F9649F27DCB9FD00D13C50 /* MainList.swift */; };
		B4F964A327DCB9FD00D13C50 /* MainList.swift in Sources */ = {isa = PBXBuildFile; fileRef = B4F9649F27DCB9FD00D13C50 /* MainList.swift */; };
		B4F964A427DCB9FD00D13C50 /* SupportNavigationLink.swift in Sources */ = {isa = PBXBuildFile; fileRef = B4F964A027DCB9FD00D13C50 /* SupportNavigationLink.swift */; };
		B4F964A527DCB9FD00D13C50 /* SupportNavigationLink.swift in Sources */ = {isa = PBXBuildFile; fileRef = B4F964A027DCB9FD00D13C50 /* SupportNavigationLink.swift */; };
		B4F964A627DCB9FD00D13C50 /* LaunchScreen.storyboard in Resources */ = {isa = PBXBuildFile; fileRef = B4F964A127DCB9FD00D13C50 /* LaunchScreen.storyboard */; };
		B4F964AA27DCBAA800D13C50 /* OneWayBinding.swift in Sources */ = {isa = PBXBuildFile; fileRef = B4F964A927DCBAA800D13C50 /* OneWayBinding.swift */; };
		B4F964AB27DCBAA800D13C50 /* OneWayBinding.swift in Sources */ = {isa = PBXBuildFile; fileRef = B4F964A927DCBAA800D13C50 /* OneWayBinding.swift */; };
		B4F964AD27DCBAB100D13C50 /* TwoWayBinding.swift in Sources */ = {isa = PBXBuildFile; fileRef = B4F964AC27DCBAB100D13C50 /* TwoWayBinding.swift */; };
		B4F964AE27DCBAB100D13C50 /* TwoWayBinding.swift in Sources */ = {isa = PBXBuildFile; fileRef = B4F964AC27DCBAB100D13C50 /* TwoWayBinding.swift */; };
		B4F964B027DCBACE00D13C50 /* ObservableList.swift in Sources */ = {isa = PBXBuildFile; fileRef = B4F964AF27DCBACE00D13C50 /* ObservableList.swift */; };
		B4F964B127DCBACE00D13C50 /* ObservableList.swift in Sources */ = {isa = PBXBuildFile; fileRef = B4F964AF27DCBACE00D13C50 /* ObservableList.swift */; };
		B4F964B327DCBADF00D13C50 /* Environment.swift in Sources */ = {isa = PBXBuildFile; fileRef = B4F964B227DCBADF00D13C50 /* Environment.swift */; };
		B4F964B427DCBADF00D13C50 /* Environment.swift in Sources */ = {isa = PBXBuildFile; fileRef = B4F964B227DCBADF00D13C50 /* Environment.swift */; };
		B4F964B627DCBAEC00D13C50 /* EnvironmentObjects.swift in Sources */ = {isa = PBXBuildFile; fileRef = B4F964B527DCBAEC00D13C50 /* EnvironmentObjects.swift */; };
		B4F964B727DCBAEC00D13C50 /* EnvironmentObjects.swift in Sources */ = {isa = PBXBuildFile; fileRef = B4F964B527DCBAEC00D13C50 /* EnvironmentObjects.swift */; };
		B4F964BA27DCCFB400D13C50 /* InputView.swift in Sources */ = {isa = PBXBuildFile; fileRef = B4F964B927DCCFB400D13C50 /* InputView.swift */; };
		B4F964BB27DCCFB400D13C50 /* InputView.swift in Sources */ = {isa = PBXBuildFile; fileRef = B4F964B927DCCFB400D13C50 /* InputView.swift */; };
		B4F964BD27DCD6C300D13C50 /* ViewModel.swift in Sources */ = {isa = PBXBuildFile; fileRef = B4F964BC27DCD6C300D13C50 /* ViewModel.swift */; };
		B4F964BE27DCD6C300D13C50 /* ViewModel.swift in Sources */ = {isa = PBXBuildFile; fileRef = B4F964BC27DCD6C300D13C50 /* ViewModel.swift */; };
		B4F964C327DCE89A00D13C50 /* StateObject.swift in Sources */ = {isa = PBXBuildFile; fileRef = B4F964C227DCE89A00D13C50 /* StateObject.swift */; };
		B4F964C427DCE89A00D13C50 /* StateObject.swift in Sources */ = {isa = PBXBuildFile; fileRef = B4F964C227DCE89A00D13C50 /* StateObject.swift */; };
		B4F964CF27DCFAE100D13C50 /* NumberView.swift in Sources */ = {isa = PBXBuildFile; fileRef = B4F964CE27DCFAE100D13C50 /* NumberView.swift */; };
		B4F964D027DCFAE100D13C50 /* NumberView.swift in Sources */ = {isa = PBXBuildFile; fileRef = B4F964CE27DCFAE100D13C50 /* NumberView.swift */; };
		B4F964D227DD113E00D13C50 /* RandomNumberGenerator.swift in Sources */ = {isa = PBXBuildFile; fileRef = B4F964D127DD113E00D13C50 /* RandomNumberGenerator.swift */; };
		B4F964D327DD113E00D13C50 /* RandomNumberGenerator.swift in Sources */ = {isa = PBXBuildFile; fileRef = B4F964D127DD113E00D13C50 /* RandomNumberGenerator.swift */; };
/* End PBXBuildFile section */

/* Begin PBXFileReference section */
		B44FBC9E27DCB975008FCAF8 /* StatesApp.swift */ = {isa = PBXFileReference; lastKnownFileType = sourcecode.swift; path = StatesApp.swift; sourceTree = "<group>"; };
		B44FBCA027DCB975008FCAF8 /* Assets.xcassets */ = {isa = PBXFileReference; lastKnownFileType = folder.assetcatalog; path = Assets.xcassets; sourceTree = "<group>"; };
		B44FBCA527DCB975008FCAF8 /* States.app */ = {isa = PBXFileReference; explicitFileType = wrapper.application; includeInIndex = 0; path = States.app; sourceTree = BUILT_PRODUCTS_DIR; };
		B44FBCAB27DCB975008FCAF8 /* States.app */ = {isa = PBXFileReference; explicitFileType = wrapper.application; includeInIndex = 0; path = States.app; sourceTree = BUILT_PRODUCTS_DIR; };
		B44FBCAD27DCB975008FCAF8 /* macOS.entitlements */ = {isa = PBXFileReference; lastKnownFileType = text.plist.entitlements; path = macOS.entitlements; sourceTree = "<group>"; };
		B4F9649F27DCB9FD00D13C50 /* MainList.swift */ = {isa = PBXFileReference; fileEncoding = 4; lastKnownFileType = sourcecode.swift; path = MainList.swift; sourceTree = "<group>"; };
		B4F964A027DCB9FD00D13C50 /* SupportNavigationLink.swift */ = {isa = PBXFileReference; fileEncoding = 4; lastKnownFileType = sourcecode.swift; path = SupportNavigationLink.swift; sourceTree = "<group>"; };
		B4F964A127DCB9FD00D13C50 /* LaunchScreen.storyboard */ = {isa = PBXFileReference; fileEncoding = 4; lastKnownFileType = file.storyboard; path = LaunchScreen.storyboard; sourceTree = "<group>"; };
		B4F964A927DCBAA800D13C50 /* OneWayBinding.swift */ = {isa = PBXFileReference; lastKnownFileType = sourcecode.swift; path = OneWayBinding.swift; sourceTree = "<group>"; };
		B4F964AC27DCBAB100D13C50 /* TwoWayBinding.swift */ = {isa = PBXFileReference; lastKnownFileType = sourcecode.swift; path = TwoWayBinding.swift; sourceTree = "<group>"; };
		B4F964AF27DCBACE00D13C50 /* ObservableList.swift */ = {isa = PBXFileReference; lastKnownFileType = sourcecode.swift; path = ObservableList.swift; sourceTree = "<group>"; };
		B4F964B227DCBADF00D13C50 /* Environment.swift */ = {isa = PBXFileReference; lastKnownFileType = sourcecode.swift; path = Environment.swift; sourceTree = "<group>"; };
		B4F964B527DCBAEC00D13C50 /* EnvironmentObjects.swift */ = {isa = PBXFileReference; lastKnownFileType = sourcecode.swift; path = EnvironmentObjects.swift; sourceTree = "<group>"; };
		B4F964B927DCCFB400D13C50 /* InputView.swift */ = {isa = PBXFileReference; lastKnownFileType = sourcecode.swift; path = InputView.swift; sourceTree = "<group>"; };
		B4F964BC27DCD6C300D13C50 /* ViewModel.swift */ = {isa = PBXFileReference; lastKnownFileType = sourcecode.swift; path = ViewModel.swift; sourceTree = "<group>"; };
		B4F964C227DCE89A00D13C50 /* StateObject.swift */ = {isa = PBXFileReference; lastKnownFileType = sourcecode.swift; path = StateObject.swift; sourceTree = "<group>"; };
		B4F964CE27DCFAE100D13C50 /* NumberView.swift */ = {isa = PBXFileReference; lastKnownFileType = sourcecode.swift; path = NumberView.swift; sourceTree = "<group>"; };
		B4F964D127DD113E00D13C50 /* RandomNumberGenerator.swift */ = {isa = PBXFileReference; lastKnownFileType = sourcecode.swift; path = RandomNumberGenerator.swift; sourceTree = "<group>"; };
/* End PBXFileReference section */

/* Begin PBXFrameworksBuildPhase section */
		B44FBCA227DCB975008FCAF8 /* Frameworks */ = {
			isa = PBXFrameworksBuildPhase;
			buildActionMask = 2147483647;
			files = (
			);
			runOnlyForDeploymentPostprocessing = 0;
		};
		B44FBCA827DCB975008FCAF8 /* Frameworks */ = {
			isa = PBXFrameworksBuildPhase;
			buildActionMask = 2147483647;
			files = (
			);
			runOnlyForDeploymentPostprocessing = 0;
		};
/* End PBXFrameworksBuildPhase section */

/* Begin PBXGroup section */
		B44FBC9827DCB975008FCAF8 = {
			isa = PBXGroup;
			children = (
				B4F964A827DCBA9B00D13C50 /* States */,
				B44FBC9D27DCB975008FCAF8 /* Shared */,
				B44FBCAC27DCB975008FCAF8 /* macOS */,
				B44FBCA627DCB975008FCAF8 /* Products */,
			);
			sourceTree = "<group>";
		};
		B44FBC9D27DCB975008FCAF8 /* Shared */ = {
			isa = PBXGroup;
			children = (
				B44FBC9E27DCB975008FCAF8 /* StatesApp.swift */,
				B44FBCA027DCB975008FCAF8 /* Assets.xcassets */,
				B4F964A127DCB9FD00D13C50 /* LaunchScreen.storyboard */,
				B4F9649F27DCB9FD00D13C50 /* MainList.swift */,
				B4F964A027DCB9FD00D13C50 /* SupportNavigationLink.swift */,
			);
			path = Shared;
			sourceTree = "<group>";
		};
		B44FBCA627DCB975008FCAF8 /* Products */ = {
			isa = PBXGroup;
			children = (
				B44FBCA527DCB975008FCAF8 /* States.app */,
				B44FBCAB27DCB975008FCAF8 /* States.app */,
			);
			name = Products;
			sourceTree = "<group>";
		};
		B44FBCAC27DCB975008FCAF8 /* macOS */ = {
			isa = PBXGroup;
			children = (
				B44FBCAD27DCB975008FCAF8 /* macOS.entitlements */,
			);
			path = macOS;
			sourceTree = "<group>";
		};
		B4F964A827DCBA9B00D13C50 /* States */ = {
			isa = PBXGroup;
			children = (
				B4F964B827DCCF9E00D13C50 /* Support */,
				B4F964A927DCBAA800D13C50 /* OneWayBinding.swift */,
				B4F964AC27DCBAB100D13C50 /* TwoWayBinding.swift */,
				B4F964AF27DCBACE00D13C50 /* ObservableList.swift */,
				B4F964B227DCBADF00D13C50 /* Environment.swift */,
				B4F964B527DCBAEC00D13C50 /* EnvironmentObjects.swift */,
				B4F964C227DCE89A00D13C50 /* StateObject.swift */,
			);
			path = States;
			sourceTree = "<group>";
		};
		B4F964B827DCCF9E00D13C50 /* Support */ = {
			isa = PBXGroup;
			children = (
				B4F964B927DCCFB400D13C50 /* InputView.swift */,
				B4F964BC27DCD6C300D13C50 /* ViewModel.swift */,
				B4F964D127DD113E00D13C50 /* RandomNumberGenerator.swift */,
				B4F964CE27DCFAE100D13C50 /* NumberView.swift */,
			);
			path = Support;
			sourceTree = "<group>";
		};
/* End PBXGroup section */

/* Begin PBXNativeTarget section */
		B44FBCA427DCB975008FCAF8 /* States (iOS) */ = {
			isa = PBXNativeTarget;
			buildConfigurationList = B44FBCB627DCB975008FCAF8 /* Build configuration list for PBXNativeTarget "States (iOS)" */;
			buildPhases = (
				B44FBCA127DCB975008FCAF8 /* Sources */,
				B44FBCA227DCB975008FCAF8 /* Frameworks */,
				B44FBCA327DCB975008FCAF8 /* Resources */,
			);
			buildRules = (
			);
			dependencies = (
			);
			name = "States (iOS)";
			productName = "States (iOS)";
			productReference = B44FBCA527DCB975008FCAF8 /* States.app */;
			productType = "com.apple.product-type.application";
		};
		B44FBCAA27DCB975008FCAF8 /* States (macOS) */ = {
			isa = PBXNativeTarget;
			buildConfigurationList = B44FBCB927DCB975008FCAF8 /* Build configuration list for PBXNativeTarget "States (macOS)" */;
			buildPhases = (
				B44FBCA727DCB975008FCAF8 /* Sources */,
				B44FBCA827DCB975008FCAF8 /* Frameworks */,
				B44FBCA927DCB975008FCAF8 /* Resources */,
			);
			buildRules = (
			);
			dependencies = (
			);
			name = "States (macOS)";
			productName = "States (macOS)";
			productReference = B44FBCAB27DCB975008FCAF8 /* States.app */;
			productType = "com.apple.product-type.application";
		};
/* End PBXNativeTarget section */

/* Begin PBXProject section */
		B44FBC9927DCB975008FCAF8 /* Project object */ = {
			isa = PBXProject;
			attributes = {
				BuildIndependentTargetsInParallel = 1;
				LastSwiftUpdateCheck = 1320;
				LastUpgradeCheck = 1320;
				TargetAttributes = {
					B44FBCA427DCB975008FCAF8 = {
						CreatedOnToolsVersion = 13.2;
					};
					B44FBCAA27DCB975008FCAF8 = {
						CreatedOnToolsVersion = 13.2;
					};
				};
			};
			buildConfigurationList = B44FBC9C27DCB975008FCAF8 /* Build configuration list for PBXProject "States" */;
			compatibilityVersion = "Xcode 13.0";
			developmentRegion = en;
			hasScannedForEncodings = 0;
			knownRegions = (
				en,
				Base,
			);
			mainGroup = B44FBC9827DCB975008FCAF8;
			productRefGroup = B44FBCA627DCB975008FCAF8 /* Products */;
			projectDirPath = "";
			projectRoot = "";
			targets = (
				B44FBCA427DCB975008FCAF8 /* States (iOS) */,
				B44FBCAA27DCB975008FCAF8 /* States (macOS) */,
			);
		};
/* End PBXProject section */

/* Begin PBXResourcesBuildPhase section */
		B44FBCA327DCB975008FCAF8 /* Resources */ = {
			isa = PBXResourcesBuildPhase;
			buildActionMask = 2147483647;
			files = (
				B44FBCB227DCB975008FCAF8 /* Assets.xcassets in Resources */,
				B4F964A627DCB9FD00D13C50 /* LaunchScreen.storyboard in Resources */,
			);
			runOnlyForDeploymentPostprocessing = 0;
		};
		B44FBCA927DCB975008FCAF8 /* Resources */ = {
			isa = PBXResourcesBuildPhase;
			buildActionMask = 2147483647;
			files = (
				B44FBCB327DCB975008FCAF8 /* Assets.xcassets in Resources */,
			);
			runOnlyForDeploymentPostprocessing = 0;
		};
/* End PBXResourcesBuildPhase section */

/* Begin PBXSourcesBuildPhase section */
		B44FBCA127DCB975008FCAF8 /* Sources */ = {
			isa = PBXSourcesBuildPhase;
			buildActionMask = 2147483647;
			files = (
				B4F964C327DCE89A00D13C50 /* StateObject.swift in Sources */,
				B4F964AD27DCBAB100D13C50 /* TwoWayBinding.swift in Sources */,
				B4F964AA27DCBAA800D13C50 /* OneWayBinding.swift in Sources */,
				B4F964B627DCBAEC00D13C50 /* EnvironmentObjects.swift in Sources */,
				B4F964D227DD113E00D13C50 /* RandomNumberGenerator.swift in Sources */,
				B4F964B027DCBACE00D13C50 /* ObservableList.swift in Sources */,
				B4F964B327DCBADF00D13C50 /* Environment.swift in Sources */,
				B4F964A427DCB9FD00D13C50 /* SupportNavigationLink.swift in Sources */,
				B4F964BA27DCCFB400D13C50 /* InputView.swift in Sources */,
				B4F964A227DCB9FD00D13C50 /* MainList.swift in Sources */,
				B4F964BD27DCD6C300D13C50 /* ViewModel.swift in Sources */,
				B44FBCAE27DCB975008FCAF8 /* StatesApp.swift in Sources */,
				B4F964CF27DCFAE100D13C50 /* NumberView.swift in Sources */,
			);
			runOnlyForDeploymentPostprocessing = 0;
		};
		B44FBCA727DCB975008FCAF8 /* Sources */ = {
			isa = PBXSourcesBuildPhase;
			buildActionMask = 2147483647;
			files = (
				B4F964C427DCE89A00D13C50 /* StateObject.swift in Sources */,
				B4F964AE27DCBAB100D13C50 /* TwoWayBinding.swift in Sources */,
				B4F964AB27DCBAA800D13C50 /* OneWayBinding.swift in Sources */,
				B4F964B727DCBAEC00D13C50 /* EnvironmentObjects.swift in Sources */,
				B4F964D327DD113E00D13C50 /* RandomNumberGenerator.swift in Sources */,
				B4F964B127DCBACE00D13C50 /* ObservableList.swift in Sources */,
				B4F964B427DCBADF00D13C50 /* Environment.swift in Sources */,
				B4F964A527DCB9FD00D13C50 /* SupportNavigationLink.swift in Sources */,
				B4F964BB27DCCFB400D13C50 /* InputView.swift in Sources */,
				B4F964A327DCB9FD00D13C50 /* MainList.swift in Sources */,
				B4F964BE27DCD6C300D13C50 /* ViewModel.swift in Sources */,
				B44FBCAF27DCB975008FCAF8 /* StatesApp.swift in Sources */,
				B4F964D027DCFAE100D13C50 /* NumberView.swift in Sources */,
			);
			runOnlyForDeploymentPostprocessing = 0;
		};
/* End PBXSourcesBuildPhase section */

/* Begin XCBuildConfiguration section */
		B44FBCB427DCB975008FCAF8 /* Debug */ = {
			isa = XCBuildConfiguration;
			buildSettings = {
				ALWAYS_SEARCH_USER_PATHS = NO;
				CLANG_ANALYZER_NONNULL = YES;
				CLANG_ANALYZER_NUMBER_OBJECT_CONVERSION = YES_AGGRESSIVE;
				CLANG_CXX_LANGUAGE_STANDARD = "gnu++17";
				CLANG_CXX_LIBRARY = "libc++";
				CLANG_ENABLE_MODULES = YES;
				CLANG_ENABLE_OBJC_ARC = YES;
				CLANG_ENABLE_OBJC_WEAK = YES;
				CLANG_WARN_BLOCK_CAPTURE_AUTORELEASING = YES;
				CLANG_WARN_BOOL_CONVERSION = YES;
				CLANG_WARN_COMMA = YES;
				CLANG_WARN_CONSTANT_CONVERSION = YES;
				CLANG_WARN_DEPRECATED_OBJC_IMPLEMENTATIONS = YES;
				CLANG_WARN_DIRECT_OBJC_ISA_USAGE = YES_ERROR;
				CLANG_WARN_DOCUMENTATION_COMMENTS = YES;
				CLANG_WARN_EMPTY_BODY = YES;
				CLANG_WARN_ENUM_CONVERSION = YES;
				CLANG_WARN_INFINITE_RECURSION = YES;
				CLANG_WARN_INT_CONVERSION = YES;
				CLANG_WARN_NON_LITERAL_NULL_CONVERSION = YES;
				CLANG_WARN_OBJC_IMPLICIT_RETAIN_SELF = YES;
				CLANG_WARN_OBJC_LITERAL_CONVERSION = YES;
				CLANG_WARN_OBJC_ROOT_CLASS = YES_ERROR;
				CLANG_WARN_QUOTED_INCLUDE_IN_FRAMEWORK_HEADER = YES;
				CLANG_WARN_RANGE_LOOP_ANALYSIS = YES;
				CLANG_WARN_STRICT_PROTOTYPES = YES;
				CLANG_WARN_SUSPICIOUS_MOVE = YES;
				CLANG_WARN_UNGUARDED_AVAILABILITY = YES_AGGRESSIVE;
				CLANG_WARN_UNREACHABLE_CODE = YES;
				CLANG_WARN__DUPLICATE_METHOD_MATCH = YES;
				COPY_PHASE_STRIP = NO;
				DEBUG_INFORMATION_FORMAT = dwarf;
				ENABLE_STRICT_OBJC_MSGSEND = YES;
				ENABLE_TESTABILITY = YES;
				GCC_C_LANGUAGE_STANDARD = gnu11;
				GCC_DYNAMIC_NO_PIC = NO;
				GCC_NO_COMMON_BLOCKS = YES;
				GCC_OPTIMIZATION_LEVEL = 0;
				GCC_PREPROCESSOR_DEFINITIONS = (
					"DEBUG=1",
					"$(inherited)",
				);
				GCC_WARN_64_TO_32_BIT_CONVERSION = YES;
				GCC_WARN_ABOUT_RETURN_TYPE = YES_ERROR;
				GCC_WARN_UNDECLARED_SELECTOR = YES;
				GCC_WARN_UNINITIALIZED_AUTOS = YES_AGGRESSIVE;
				GCC_WARN_UNUSED_FUNCTION = YES;
				GCC_WARN_UNUSED_VARIABLE = YES;
				MTL_ENABLE_DEBUG_INFO = INCLUDE_SOURCE;
				MTL_FAST_MATH = YES;
				ONLY_ACTIVE_ARCH = YES;
				SWIFT_ACTIVE_COMPILATION_CONDITIONS = DEBUG;
				SWIFT_OPTIMIZATION_LEVEL = "-Onone";
			};
			name = Debug;
		};
		B44FBCB527DCB975008FCAF8 /* Release */ = {
			isa = XCBuildConfiguration;
			buildSettings = {
				ALWAYS_SEARCH_USER_PATHS = NO;
				CLANG_ANALYZER_NONNULL = YES;
				CLANG_ANALYZER_NUMBER_OBJECT_CONVERSION = YES_AGGRESSIVE;
				CLANG_CXX_LANGUAGE_STANDARD = "gnu++17";
				CLANG_CXX_LIBRARY = "libc++";
				CLANG_ENABLE_MODULES = YES;
				CLANG_ENABLE_OBJC_ARC = YES;
				CLANG_ENABLE_OBJC_WEAK = YES;
				CLANG_WARN_BLOCK_CAPTURE_AUTORELEASING = YES;
				CLANG_WARN_BOOL_CONVERSION = YES;
				CLANG_WARN_COMMA = YES;
				CLANG_WARN_CONSTANT_CONVERSION = YES;
				CLANG_WARN_DEPRECATED_OBJC_IMPLEMENTATIONS = YES;
				CLANG_WARN_DIRECT_OBJC_ISA_USAGE = YES_ERROR;
				CLANG_WARN_DOCUMENTATION_COMMENTS = YES;
				CLANG_WARN_EMPTY_BODY = YES;
				CLANG_WARN_ENUM_CONVERSION = YES;
				CLANG_WARN_INFINITE_RECURSION = YES;
				CLANG_WARN_INT_CONVERSION = YES;
				CLANG_WARN_NON_LITERAL_NULL_CONVERSION = YES;
				CLANG_WARN_OBJC_IMPLICIT_RETAIN_SELF = YES;
				CLANG_WARN_OBJC_LITERAL_CONVERSION = YES;
				CLANG_WARN_OBJC_ROOT_CLASS = YES_ERROR;
				CLANG_WARN_QUOTED_INCLUDE_IN_FRAMEWORK_HEADER = YES;
				CLANG_WARN_RANGE_LOOP_ANALYSIS = YES;
				CLANG_WARN_STRICT_PROTOTYPES = YES;
				CLANG_WARN_SUSPICIOUS_MOVE = YES;
				CLANG_WARN_UNGUARDED_AVAILABILITY = YES_AGGRESSIVE;
				CLANG_WARN_UNREACHABLE_CODE = YES;
				CLANG_WARN__DUPLICATE_METHOD_MATCH = YES;
				COPY_PHASE_STRIP = NO;
				DEBUG_INFORMATION_FORMAT = "dwarf-with-dsym";
				ENABLE_NS_ASSERTIONS = NO;
				ENABLE_STRICT_OBJC_MSGSEND = YES;
				GCC_C_LANGUAGE_STANDARD = gnu11;
				GCC_NO_COMMON_BLOCKS = YES;
				GCC_WARN_64_TO_32_BIT_CONVERSION = YES;
				GCC_WARN_ABOUT_RETURN_TYPE = YES_ERROR;
				GCC_WARN_UNDECLARED_SELECTOR = YES;
				GCC_WARN_UNINITIALIZED_AUTOS = YES_AGGRESSIVE;
				GCC_WARN_UNUSED_FUNCTION = YES;
				GCC_WARN_UNUSED_VARIABLE = YES;
				MTL_ENABLE_DEBUG_INFO = NO;
				MTL_FAST_MATH = YES;
				SWIFT_COMPILATION_MODE = wholemodule;
				SWIFT_OPTIMIZATION_LEVEL = "-O";
			};
			name = Release;
		};
		B44FBCB727DCB975008FCAF8 /* Debug */ = {
			isa = XCBuildConfiguration;
			buildSettings = {
				ASSETCATALOG_COMPILER_APPICON_NAME = AppIcon;
				ASSETCATALOG_COMPILER_GLOBAL_ACCENT_COLOR_NAME = AccentColor;
				CODE_SIGN_STYLE = Automatic;
				CURRENT_PROJECT_VERSION = 1;
				DEVELOPMENT_TEAM = "";
				ENABLE_PREVIEWS = YES;
				GENERATE_INFOPLIST_FILE = YES;
				INFOPLIST_KEY_UIApplicationSceneManifest_Generation = YES;
				INFOPLIST_KEY_UIApplicationSupportsIndirectInputEvents = YES;
				INFOPLIST_KEY_UILaunchScreen_Generation = YES;
				INFOPLIST_KEY_UISupportedInterfaceOrientations_iPad = "UIInterfaceOrientationPortrait UIInterfaceOrientationPortraitUpsideDown UIInterfaceOrientationLandscapeLeft UIInterfaceOrientationLandscapeRight";
				INFOPLIST_KEY_UISupportedInterfaceOrientations_iPhone = "UIInterfaceOrientationPortrait UIInterfaceOrientationLandscapeLeft UIInterfaceOrientationLandscapeRight";
				IPHONEOS_DEPLOYMENT_TARGET = 15.0;
				LD_RUNPATH_SEARCH_PATHS = (
					"$(inherited)",
					"@executable_path/Frameworks",
				);
				MARKETING_VERSION = 1.0;
				PRODUCT_BUNDLE_IDENTIFIER = com.kxcoding.States;
				PRODUCT_NAME = States;
				SDKROOT = iphoneos;
				SWIFT_EMIT_LOC_STRINGS = YES;
				SWIFT_VERSION = 5.0;
				TARGETED_DEVICE_FAMILY = "1,2";
			};
			name = Debug;
		};
		B44FBCB827DCB975008FCAF8 /* Release */ = {
			isa = XCBuildConfiguration;
			buildSettings = {
				ASSETCATALOG_COMPILER_APPICON_NAME = AppIcon;
				ASSETCATALOG_COMPILER_GLOBAL_ACCENT_COLOR_NAME = AccentColor;
				CODE_SIGN_STYLE = Automatic;
				CURRENT_PROJECT_VERSION = 1;
				DEVELOPMENT_TEAM = "";
				ENABLE_PREVIEWS = YES;
				GENERATE_INFOPLIST_FILE = YES;
				INFOPLIST_KEY_UIApplicationSceneManifest_Generation = YES;
				INFOPLIST_KEY_UIApplicationSupportsIndirectInputEvents = YES;
				INFOPLIST_KEY_UILaunchScreen_Generation = YES;
				INFOPLIST_KEY_UISupportedInterfaceOrientations_iPad = "UIInterfaceOrientationPortrait UIInterfaceOrientationPortraitUpsideDown UIInterfaceOrientationLandscapeLeft UIInterfaceOrientationLandscapeRight";
				INFOPLIST_KEY_UISupportedInterfaceOrientations_iPhone = "UIInterfaceOrientationPortrait UIInterfaceOrientationLandscapeLeft UIInterfaceOrientationLandscapeRight";
				IPHONEOS_DEPLOYMENT_TARGET = 15.0;
				LD_RUNPATH_SEARCH_PATHS = (
					"$(inherited)",
					"@executable_path/Frameworks",
				);
				MARKETING_VERSION = 1.0;
				PRODUCT_BUNDLE_IDENTIFIER = com.kxcoding.States;
				PRODUCT_NAME = States;
				SDKROOT = iphoneos;
				SWIFT_EMIT_LOC_STRINGS = YES;
				SWIFT_VERSION = 5.0;
				TARGETED_DEVICE_FAMILY = "1,2";
				VALIDATE_PRODUCT = YES;
			};
			name = Release;
		};
		B44FBCBA27DCB975008FCAF8 /* Debug */ = {
			isa = XCBuildConfiguration;
			buildSettings = {
				ASSETCATALOG_COMPILER_APPICON_NAME = AppIcon;
				ASSETCATALOG_COMPILER_GLOBAL_ACCENT_COLOR_NAME = AccentColor;
				CODE_SIGN_ENTITLEMENTS = macOS/macOS.entitlements;
				CODE_SIGN_STYLE = Automatic;
				COMBINE_HIDPI_IMAGES = YES;
				CURRENT_PROJECT_VERSION = 1;
				ENABLE_PREVIEWS = YES;
				GENERATE_INFOPLIST_FILE = YES;
				INFOPLIST_KEY_NSHumanReadableCopyright = "";
				LD_RUNPATH_SEARCH_PATHS = (
					"$(inherited)",
					"@executable_path/../Frameworks",
				);
				MACOSX_DEPLOYMENT_TARGET = 12.0;
				MARKETING_VERSION = 1.0;
				PRODUCT_BUNDLE_IDENTIFIER = com.kxcoding.States;
				PRODUCT_NAME = States;
				SDKROOT = macosx;
				SWIFT_EMIT_LOC_STRINGS = YES;
				SWIFT_VERSION = 5.0;
			};
			name = Debug;
		};
		B44FBCBB27DCB975008FCAF8 /* Release */ = {
			isa = XCBuildConfiguration;
			buildSettings = {
				ASSETCATALOG_COMPILER_APPICON_NAME = AppIcon;
				ASSETCATALOG_COMPILER_GLOBAL_ACCENT_COLOR_NAME = AccentColor;
				CODE_SIGN_ENTITLEMENTS = macOS/macOS.entitlements;
				CODE_SIGN_STYLE = Automatic;
				COMBINE_HIDPI_IMAGES = YES;
				CURRENT_PROJECT_VERSION = 1;
				ENABLE_PREVIEWS = YES;
				GENERATE_INFOPLIST_FILE = YES;
				INFOPLIST_KEY_NSHumanReadableCopyright = "";
				LD_RUNPATH_SEARCH_PATHS = (
					"$(inherited)",
					"@executable_path/../Frameworks",
				);
				MACOSX_DEPLOYMENT_TARGET = 12.0;
				MARKETING_VERSION = 1.0;
				PRODUCT_BUNDLE_IDENTIFIER = com.kxcoding.States;
				PRODUCT_NAME = States;
				SDKROOT = macosx;
				SWIFT_EMIT_LOC_STRINGS = YES;
				SWIFT_VERSION = 5.0;
			};
			name = Release;
		};
/* End XCBuildConfiguration section */

/* Begin XCConfigurationList section */
		B44FBC9C27DCB975008FCAF8 /* Build configuration list for PBXProject "States" */ = {
			isa = XCConfigurationList;
			buildConfigurations = (
				B44FBCB427DCB975008FCAF8 /* Debug */,
				B44FBCB527DCB975008FCAF8 /* Release */,
			);
			defaultConfigurationIsVisible = 0;
			defaultConfigurationName = Release;
		};
		B44FBCB627DCB975008FCAF8 /* Build configuration list for PBXNativeTarget "States (iOS)" */ = {
			isa = XCConfigurationList;
			buildConfigurations = (
				B44FBCB727DCB975008FCAF8 /* Debug */,
				B44FBCB827DCB975008FCAF8 /* Release */,
			);
			defaultConfigurationIsVisible = 0;
			defaultConfigurationName = Release;
		};
		B44FBCB927DCB975008FCAF8 /* Build configuration list for PBXNativeTarget "States (macOS)" */ = {
			isa = XCConfigurationList;
			buildConfigurations = (
				B44FBCBA27DCB975008FCAF8 /* Debug */,
				B44FBCBB27DCB975008FCAF8 /* Release */,
			);
			defaultConfigurationIsVisible = 0;
			defaultConfigurationName = Release;
		};
/* End XCConfigurationList section */
	};
	rootObject = B44FBC9927DCB975008FCAF8 /* Project object */;
}
