// !$*UTF8*$!
{
	archiveVersion = 1;
	classes = {
	};
	objectVersion = 55;
	objects = {

/* Begin PBXBuildFile section */
		B456406027D0A144002D4576 /* AnimationsApp.swift in Sources */ = {isa = PBXBuildFile; fileRef = B456405027D0A144002D4576 /* AnimationsApp.swift */; };
		B456406127D0A144002D4576 /* AnimationsApp.swift in Sources */ = {isa = PBXBuildFile; fileRef = B456405027D0A144002D4576 /* AnimationsApp.swift */; };
		B456406427D0A144002D4576 /* Assets.xcassets in Resources */ = {isa = PBXBuildFile; fileRef = B456405227D0A144002D4576 /* Assets.xcassets */; };
		B456406527D0A144002D4576 /* Assets.xcassets in Resources */ = {isa = PBXBuildFile; fileRef = B456405227D0A144002D4576 /* Assets.xcassets */; };
		B456407127D0A196002D4576 /* MainList.swift in Sources */ = {isa = PBXBuildFile; fileRef = B456406E27D0A196002D4576 /* MainList.swift */; };
		B456407227D0A196002D4576 /* MainList.swift in Sources */ = {isa = PBXBuildFile; fileRef = B456406E27D0A196002D4576 /* MainList.swift */; };
		B456407327D0A196002D4576 /* SupportNavigationLink.swift in Sources */ = {isa = PBXBuildFile; fileRef = B456406F27D0A196002D4576 /* SupportNavigationLink.swift */; };
		B456407427D0A196002D4576 /* SupportNavigationLink.swift in Sources */ = {isa = PBXBuildFile; fileRef = B456406F27D0A196002D4576 /* SupportNavigationLink.swift */; };
		B456407527D0A196002D4576 /* LaunchScreen.storyboard in Resources */ = {isa = PBXBuildFile; fileRef = B456407027D0A196002D4576 /* LaunchScreen.storyboard */; };
		B456407C27D0A2D2002D4576 /* Repeat.swift in Sources */ = {isa = PBXBuildFile; fileRef = B456407827D0A2D2002D4576 /* Repeat.swift */; };
		B456407D27D0A2D2002D4576 /* Repeat.swift in Sources */ = {isa = PBXBuildFile; fileRef = B456407827D0A2D2002D4576 /* Repeat.swift */; };
		B456407E27D0A2D2002D4576 /* ExplicitAnimation.swift in Sources */ = {isa = PBXBuildFile; fileRef = B456407927D0A2D2002D4576 /* ExplicitAnimation.swift */; };
		B456407F27D0A2D2002D4576 /* ExplicitAnimation.swift in Sources */ = {isa = PBXBuildFile; fileRef = B456407927D0A2D2002D4576 /* ExplicitAnimation.swift */; };
		B456408027D0A2D2002D4576 /* SpringAnimation.swift in Sources */ = {isa = PBXBuildFile; fileRef = B456407A27D0A2D2002D4576 /* SpringAnimation.swift */; };
		B456408127D0A2D2002D4576 /* SpringAnimation.swift in Sources */ = {isa = PBXBuildFile; fileRef = B456407A27D0A2D2002D4576 /* SpringAnimation.swift */; };
		B456408227D0A2D2002D4576 /* AnimationBasics.swift in Sources */ = {isa = PBXBuildFile; fileRef = B456407B27D0A2D2002D4576 /* AnimationBasics.swift */; };
		B456408327D0A2D2002D4576 /* AnimationBasics.swift in Sources */ = {isa = PBXBuildFile; fileRef = B456407B27D0A2D2002D4576 /* AnimationBasics.swift */; };
/* End PBXBuildFile section */

/* Begin PBXFileReference section */
		B456405027D0A144002D4576 /* AnimationsApp.swift */ = {isa = PBXFileReference; lastKnownFileType = sourcecode.swift; path = AnimationsApp.swift; sourceTree = "<group>"; };
		B456405227D0A144002D4576 /* Assets.xcassets */ = {isa = PBXFileReference; lastKnownFileType = folder.assetcatalog; path = Assets.xcassets; sourceTree = "<group>"; };
		B456405727D0A144002D4576 /* Animations.app */ = {isa = PBXFileReference; explicitFileType = wrapper.application; includeInIndex = 0; path = Animations.app; sourceTree = BUILT_PRODUCTS_DIR; };
		B456405D27D0A144002D4576 /* Animations.app */ = {isa = PBXFileReference; explicitFileType = wrapper.application; includeInIndex = 0; path = Animations.app; sourceTree = BUILT_PRODUCTS_DIR; };
		B456405F27D0A144002D4576 /* macOS.entitlements */ = {isa = PBXFileReference; lastKnownFileType = text.plist.entitlements; path = macOS.entitlements; sourceTree = "<group>"; };
		B456406E27D0A196002D4576 /* MainList.swift */ = {isa = PBXFileReference; fileEncoding = 4; lastKnownFileType = sourcecode.swift; path = MainList.swift; sourceTree = "<group>"; };
		B456406F27D0A196002D4576 /* SupportNavigationLink.swift */ = {isa = PBXFileReference; fileEncoding = 4; lastKnownFileType = sourcecode.swift; path = SupportNavigationLink.swift; sourceTree = "<group>"; };
		B456407027D0A196002D4576 /* LaunchScreen.storyboard */ = {isa = PBXFileReference; fileEncoding = 4; lastKnownFileType = file.storyboard; path = LaunchScreen.storyboard; sourceTree = "<group>"; };
		B456407827D0A2D2002D4576 /* Repeat.swift */ = {isa = PBXFileReference; fileEncoding = 4; lastKnownFileType = sourcecode.swift; path = Repeat.swift; sourceTree = "<group>"; };
		B456407927D0A2D2002D4576 /* ExplicitAnimation.swift */ = {isa = PBXFileReference; fileEncoding = 4; lastKnownFileType = sourcecode.swift; path = ExplicitAnimation.swift; sourceTree = "<group>"; };
		B456407A27D0A2D2002D4576 /* SpringAnimation.swift */ = {isa = PBXFileReference; fileEncoding = 4; lastKnownFileType = sourcecode.swift; path = SpringAnimation.swift; sourceTree = "<group>"; };
		B456407B27D0A2D2002D4576 /* AnimationBasics.swift */ = {isa = PBXFileReference; fileEncoding = 4; lastKnownFileType = sourcecode.swift; path = AnimationBasics.swift; sourceTree = "<group>"; };
/* End PBXFileReference section */

/* Begin PBXFrameworksBuildPhase section */
		B456405427D0A144002D4576 /* Frameworks */ = {
			isa = PBXFrameworksBuildPhase;
			buildActionMask = 2147483647;
			files = (
			);
			runOnlyForDeploymentPostprocessing = 0;
		};
		B456405A27D0A144002D4576 /* Frameworks */ = {
			isa = PBXFrameworksBuildPhase;
			buildActionMask = 2147483647;
			files = (
			);
			runOnlyForDeploymentPostprocessing = 0;
		};
/* End PBXFrameworksBuildPhase section */

/* Begin PBXGroup section */
		B456404A27D0A144002D4576 = {
			isa = PBXGroup;
			children = (
				B456407727D0A1F2002D4576 /* Animations */,
				B456404F27D0A144002D4576 /* Shared */,
				B456405E27D0A144002D4576 /* macOS */,
				B456405827D0A144002D4576 /* Products */,
			);
			sourceTree = "<group>";
		};
		B456404F27D0A144002D4576 /* Shared */ = {
			isa = PBXGroup;
			children = (
				B456405027D0A144002D4576 /* AnimationsApp.swift */,
				B456405227D0A144002D4576 /* Assets.xcassets */,
				B456407027D0A196002D4576 /* LaunchScreen.storyboard */,
				B456406E27D0A196002D4576 /* MainList.swift */,
				B456406F27D0A196002D4576 /* SupportNavigationLink.swift */,
			);
			path = Shared;
			sourceTree = "<group>";
		};
		B456405827D0A144002D4576 /* Products */ = {
			isa = PBXGroup;
			children = (
				B456405727D0A144002D4576 /* Animations.app */,
				B456405D27D0A144002D4576 /* Animations.app */,
			);
			name = Products;
			sourceTree = "<group>";
		};
		B456405E27D0A144002D4576 /* macOS */ = {
			isa = PBXGroup;
			children = (
				B456405F27D0A144002D4576 /* macOS.entitlements */,
			);
			path = macOS;
			sourceTree = "<group>";
		};
		B456407727D0A1F2002D4576 /* Animations */ = {
			isa = PBXGroup;
			children = (
				B456407B27D0A2D2002D4576 /* AnimationBasics.swift */,
				B456407927D0A2D2002D4576 /* ExplicitAnimation.swift */,
				B456407827D0A2D2002D4576 /* Repeat.swift */,
				B456407A27D0A2D2002D4576 /* SpringAnimation.swift */,
			);
			path = Animations;
			sourceTree = "<group>";
		};
/* End PBXGroup section */

/* Begin PBXNativeTarget section */
		B456405627D0A144002D4576 /* Animations (iOS) */ = {
			isa = PBXNativeTarget;
			buildConfigurationList = B456406827D0A144002D4576 /* Build configuration list for PBXNativeTarget "Animations (iOS)" */;
			buildPhases = (
				B456405327D0A144002D4576 /* Sources */,
				B456405427D0A144002D4576 /* Frameworks */,
				B456405527D0A144002D4576 /* Resources */,
			);
			buildRules = (
			);
			dependencies = (
			);
			name = "Animations (iOS)";
			productName = "Animations (iOS)";
			productReference = B456405727D0A144002D4576 /* Animations.app */;
			productType = "com.apple.product-type.application";
		};
		B456405C27D0A144002D4576 /* Animations (macOS) */ = {
			isa = PBXNativeTarget;
			buildConfigurationList = B456406B27D0A144002D4576 /* Build configuration list for PBXNativeTarget "Animations (macOS)" */;
			buildPhases = (
				B456405927D0A144002D4576 /* Sources */,
				B456405A27D0A144002D4576 /* Frameworks */,
				B456405B27D0A144002D4576 /* Resources */,
			);
			buildRules = (
			);
			dependencies = (
			);
			name = "Animations (macOS)";
			productName = "Animations (macOS)";
			productReference = B456405D27D0A144002D4576 /* Animations.app */;
			productType = "com.apple.product-type.application";
		};
/* End PBXNativeTarget section */

/* Begin PBXProject section */
		B456404B27D0A144002D4576 /* Project object */ = {
			isa = PBXProject;
			attributes = {
				BuildIndependentTargetsInParallel = 1;
				LastSwiftUpdateCheck = 1320;
				LastUpgradeCheck = 1320;
				TargetAttributes = {
					B456405627D0A144002D4576 = {
						CreatedOnToolsVersion = 13.2;
					};
					B456405C27D0A144002D4576 = {
						CreatedOnToolsVersion = 13.2;
					};
				};
			};
			buildConfigurationList = B456404E27D0A144002D4576 /* Build configuration list for PBXProject "Animations" */;
			compatibilityVersion = "Xcode 13.0";
			developmentRegion = en;
			hasScannedForEncodings = 0;
			knownRegions = (
				en,
				Base,
			);
			mainGroup = B456404A27D0A144002D4576;
			productRefGroup = B456405827D0A144002D4576 /* Products */;
			projectDirPath = "";
			projectRoot = "";
			targets = (
				B456405627D0A144002D4576 /* Animations (iOS) */,
				B456405C27D0A144002D4576 /* Animations (macOS) */,
			);
		};
/* End PBXProject section */

/* Begin PBXResourcesBuildPhase section */
		B456405527D0A144002D4576 /* Resources */ = {
			isa = PBXResourcesBuildPhase;
			buildActionMask = 2147483647;
			files = (
				B456406427D0A144002D4576 /* Assets.xcassets in Resources */,
				B456407527D0A196002D4576 /* LaunchScreen.storyboard in Resources */,
			);
			runOnlyForDeploymentPostprocessing = 0;
		};
		B456405B27D0A144002D4576 /* Resources */ = {
			isa = PBXResourcesBuildPhase;
			buildActionMask = 2147483647;
			files = (
				B456406527D0A144002D4576 /* Assets.xcassets in Resources */,
			);
			runOnlyForDeploymentPostprocessing = 0;
		};
/* End PBXResourcesBuildPhase section */

/* Begin PBXSourcesBuildPhase section */
		B456405327D0A144002D4576 /* Sources */ = {
			isa = PBXSourcesBuildPhase;
			buildActionMask = 2147483647;
			files = (
				B456407C27D0A2D2002D4576 /* Repeat.swift in Sources */,
				B456407127D0A196002D4576 /* MainList.swift in Sources */,
				B456407327D0A196002D4576 /* SupportNavigationLink.swift in Sources */,
				B456408227D0A2D2002D4576 /* AnimationBasics.swift in Sources */,
				B456408027D0A2D2002D4576 /* SpringAnimation.swift in Sources */,
				B456407E27D0A2D2002D4576 /* ExplicitAnimation.swift in Sources */,
				B456406027D0A144002D4576 /* AnimationsApp.swift in Sources */,
			);
			runOnlyForDeploymentPostprocessing = 0;
		};
		B456405927D0A144002D4576 /* Sources */ = {
			isa = PBXSourcesBuildPhase;
			buildActionMask = 2147483647;
			files = (
				B456407D27D0A2D2002D4576 /* Repeat.swift in Sources */,
				B456407227D0A196002D4576 /* MainList.swift in Sources */,
				B456407427D0A196002D4576 /* SupportNavigationLink.swift in Sources */,
				B456408327D0A2D2002D4576 /* AnimationBasics.swift in Sources */,
				B456408127D0A2D2002D4576 /* SpringAnimation.swift in Sources */,
				B456407F27D0A2D2002D4576 /* ExplicitAnimation.swift in Sources */,
				B456406127D0A144002D4576 /* AnimationsApp.swift in Sources */,
			);
			runOnlyForDeploymentPostprocessing = 0;
		};
/* End PBXSourcesBuildPhase section */

/* Begin XCBuildConfiguration section */
		B456406627D0A144002D4576 /* Debug */ = {
			isa = XCBuildConfiguration;
			buildSettings = {
				ALWAYS_SEARCH_USER_PATHS = NO;
				CLANG_ANALYZER_NONNULL = YES;
				CLANG_ANALYZER_NUMBER_OBJECT_CONVERSION = YES_AGGRESSIVE;
				CLANG_CXX_LANGUAGE_STANDARD = "gnu++17";
				CLANG_CXX_LIBRARY = "libc++";
				CLANG_ENABLE_MODULES = YES;
				CLANG_ENABLE_OBJC_ARC = YES;
				CLANG_ENABLE_OBJC_WEAK = YES;
				CLANG_WARN_BLOCK_CAPTURE_AUTORELEASING = YES;
				CLANG_WARN_BOOL_CONVERSION = YES;
				CLANG_WARN_COMMA = YES;
				CLANG_WARN_CONSTANT_CONVERSION = YES;
				CLANG_WARN_DEPRECATED_OBJC_IMPLEMENTATIONS = YES;
				CLANG_WARN_DIRECT_OBJC_ISA_USAGE = YES_ERROR;
				CLANG_WARN_DOCUMENTATION_COMMENTS = YES;
				CLANG_WARN_EMPTY_BODY = YES;
				CLANG_WARN_ENUM_CONVERSION = YES;
				CLANG_WARN_INFINITE_RECURSION = YES;
				CLANG_WARN_INT_CONVERSION = YES;
				CLANG_WARN_NON_LITERAL_NULL_CONVERSION = YES;
				CLANG_WARN_OBJC_IMPLICIT_RETAIN_SELF = YES;
				CLANG_WARN_OBJC_LITERAL_CONVERSION = YES;
				CLANG_WARN_OBJC_ROOT_CLASS = YES_ERROR;
				CLANG_WARN_QUOTED_INCLUDE_IN_FRAMEWORK_HEADER = YES;
				CLANG_WARN_RANGE_LOOP_ANALYSIS = YES;
				CLANG_WARN_STRICT_PROTOTYPES = YES;
				CLANG_WARN_SUSPICIOUS_MOVE = YES;
				CLANG_WARN_UNGUARDED_AVAILABILITY = YES_AGGRESSIVE;
				CLANG_WARN_UNREACHABLE_CODE = YES;
				CLANG_WARN__DUPLICATE_METHOD_MATCH = YES;
				COPY_PHASE_STRIP = NO;
				DEBUG_INFORMATION_FORMAT = dwarf;
				ENABLE_STRICT_OBJC_MSGSEND = YES;
				ENABLE_TESTABILITY = YES;
				GCC_C_LANGUAGE_STANDARD = gnu11;
				GCC_DYNAMIC_NO_PIC = NO;
				GCC_NO_COMMON_BLOCKS = YES;
				GCC_OPTIMIZATION_LEVEL = 0;
				GCC_PREPROCESSOR_DEFINITIONS = (
					"DEBUG=1",
					"$(inherited)",
				);
				GCC_WARN_64_TO_32_BIT_CONVERSION = YES;
				GCC_WARN_ABOUT_RETURN_TYPE = YES_ERROR;
				GCC_WARN_UNDECLARED_SELECTOR = YES;
				GCC_WARN_UNINITIALIZED_AUTOS = YES_AGGRESSIVE;
				GCC_WARN_UNUSED_FUNCTION = YES;
				GCC_WARN_UNUSED_VARIABLE = YES;
				MTL_ENABLE_DEBUG_INFO = INCLUDE_SOURCE;
				MTL_FAST_MATH = YES;
				ONLY_ACTIVE_ARCH = YES;
				SWIFT_ACTIVE_COMPILATION_CONDITIONS = DEBUG;
				SWIFT_OPTIMIZATION_LEVEL = "-Onone";
			};
			name = Debug;
		};
		B456406727D0A144002D4576 /* Release */ = {
			isa = XCBuildConfiguration;
			buildSettings = {
				ALWAYS_SEARCH_USER_PATHS = NO;
				CLANG_ANALYZER_NONNULL = YES;
				CLANG_ANALYZER_NUMBER_OBJECT_CONVERSION = YES_AGGRESSIVE;
				CLANG_CXX_LANGUAGE_STANDARD = "gnu++17";
				CLANG_CXX_LIBRARY = "libc++";
				CLANG_ENABLE_MODULES = YES;
				CLANG_ENABLE_OBJC_ARC = YES;
				CLANG_ENABLE_OBJC_WEAK = YES;
				CLANG_WARN_BLOCK_CAPTURE_AUTORELEASING = YES;
				CLANG_WARN_BOOL_CONVERSION = YES;
				CLANG_WARN_COMMA = YES;
				CLANG_WARN_CONSTANT_CONVERSION = YES;
				CLANG_WARN_DEPRECATED_OBJC_IMPLEMENTATIONS = YES;
				CLANG_WARN_DIRECT_OBJC_ISA_USAGE = YES_ERROR;
				CLANG_WARN_DOCUMENTATION_COMMENTS = YES;
				CLANG_WARN_EMPTY_BODY = YES;
				CLANG_WARN_ENUM_CONVERSION = YES;
				CLANG_WARN_INFINITE_RECURSION = YES;
				CLANG_WARN_INT_CONVERSION = YES;
				CLANG_WARN_NON_LITERAL_NULL_CONVERSION = YES;
				CLANG_WARN_OBJC_IMPLICIT_RETAIN_SELF = YES;
				CLANG_WARN_OBJC_LITERAL_CONVERSION = YES;
				CLANG_WARN_OBJC_ROOT_CLASS = YES_ERROR;
				CLANG_WARN_QUOTED_INCLUDE_IN_FRAMEWORK_HEADER = YES;
				CLANG_WARN_RANGE_LOOP_ANALYSIS = YES;
				CLANG_WARN_STRICT_PROTOTYPES = YES;
				CLANG_WARN_SUSPICIOUS_MOVE = YES;
				CLANG_WARN_UNGUARDED_AVAILABILITY = YES_AGGRESSIVE;
				CLANG_WARN_UNREACHABLE_CODE = YES;
				CLANG_WARN__DUPLICATE_METHOD_MATCH = YES;
				COPY_PHASE_STRIP = NO;
				DEBUG_INFORMATION_FORMAT = "dwarf-with-dsym";
				ENABLE_NS_ASSERTIONS = NO;
				ENABLE_STRICT_OBJC_MSGSEND = YES;
				GCC_C_LANGUAGE_STANDARD = gnu11;
				GCC_NO_COMMON_BLOCKS = YES;
				GCC_WARN_64_TO_32_BIT_CONVERSION = YES;
				GCC_WARN_ABOUT_RETURN_TYPE = YES_ERROR;
				GCC_WARN_UNDECLARED_SELECTOR = YES;
				GCC_WARN_UNINITIALIZED_AUTOS = YES_AGGRESSIVE;
				GCC_WARN_UNUSED_FUNCTION = YES;
				GCC_WARN_UNUSED_VARIABLE = YES;
				MTL_ENABLE_DEBUG_INFO = NO;
				MTL_FAST_MATH = YES;
				SWIFT_COMPILATION_MODE = wholemodule;
				SWIFT_OPTIMIZATION_LEVEL = "-O";
			};
			name = Release;
		};
		B456406927D0A144002D4576 /* Debug */ = {
			isa = XCBuildConfiguration;
			buildSettings = {
				ASSETCATALOG_COMPILER_APPICON_NAME = AppIcon;
				ASSETCATALOG_COMPILER_GLOBAL_ACCENT_COLOR_NAME = AccentColor;
				CODE_SIGN_STYLE = Automatic;
				CURRENT_PROJECT_VERSION = 1;
				DEVELOPMENT_TEAM = "";
				ENABLE_PREVIEWS = YES;
				GENERATE_INFOPLIST_FILE = YES;
				INFOPLIST_KEY_UIApplicationSceneManifest_Generation = YES;
				INFOPLIST_KEY_UIApplicationSupportsIndirectInputEvents = YES;
				INFOPLIST_KEY_UILaunchScreen_Generation = YES;
				INFOPLIST_KEY_UILaunchStoryboardName = LaunchScreen;
				INFOPLIST_KEY_UISupportedInterfaceOrientations_iPad = "UIInterfaceOrientationPortrait UIInterfaceOrientationPortraitUpsideDown UIInterfaceOrientationLandscapeLeft UIInterfaceOrientationLandscapeRight";
				INFOPLIST_KEY_UISupportedInterfaceOrientations_iPhone = "UIInterfaceOrientationPortrait UIInterfaceOrientationLandscapeLeft UIInterfaceOrientationLandscapeRight";
				IPHONEOS_DEPLOYMENT_TARGET = 14.0;
				LD_RUNPATH_SEARCH_PATHS = (
					"$(inherited)",
					"@executable_path/Frameworks",
				);
				MARKETING_VERSION = 1.0;
				PRODUCT_BUNDLE_IDENTIFIER = com.kxcoding.Animations;
				PRODUCT_NAME = Animations;
				SDKROOT = iphoneos;
				SWIFT_EMIT_LOC_STRINGS = YES;
				SWIFT_VERSION = 5.0;
				TARGETED_DEVICE_FAMILY = "1,2";
			};
			name = Debug;
		};
		B456406A27D0A144002D4576 /* Release */ = {
			isa = XCBuildConfiguration;
			buildSettings = {
				ASSETCATALOG_COMPILER_APPICON_NAME = AppIcon;
				ASSETCATALOG_COMPILER_GLOBAL_ACCENT_COLOR_NAME = AccentColor;
				CODE_SIGN_STYLE = Automatic;
				CURRENT_PROJECT_VERSION = 1;
				DEVELOPMENT_TEAM = "";
				ENABLE_PREVIEWS = YES;
				GENERATE_INFOPLIST_FILE = YES;
				INFOPLIST_KEY_UIApplicationSceneManifest_Generation = YES;
				INFOPLIST_KEY_UIApplicationSupportsIndirectInputEvents = YES;
				INFOPLIST_KEY_UILaunchScreen_Generation = YES;
				INFOPLIST_KEY_UILaunchStoryboardName = LaunchScreen;
				INFOPLIST_KEY_UISupportedInterfaceOrientations_iPad = "UIInterfaceOrientationPortrait UIInterfaceOrientationPortraitUpsideDown UIInterfaceOrientationLandscapeLeft UIInterfaceOrientationLandscapeRight";
				INFOPLIST_KEY_UISupportedInterfaceOrientations_iPhone = "UIInterfaceOrientationPortrait UIInterfaceOrientationLandscapeLeft UIInterfaceOrientationLandscapeRight";
				IPHONEOS_DEPLOYMENT_TARGET = 14.0;
				LD_RUNPATH_SEARCH_PATHS = (
					"$(inherited)",
					"@executable_path/Frameworks",
				);
				MARKETING_VERSION = 1.0;
				PRODUCT_BUNDLE_IDENTIFIER = com.kxcoding.Animations;
				PRODUCT_NAME = Animations;
				SDKROOT = iphoneos;
				SWIFT_EMIT_LOC_STRINGS = YES;
				SWIFT_VERSION = 5.0;
				TARGETED_DEVICE_FAMILY = "1,2";
				VALIDATE_PRODUCT = YES;
			};
			name = Release;
		};
		B456406C27D0A144002D4576 /* Debug */ = {
			isa = XCBuildConfiguration;
			buildSettings = {
				ASSETCATALOG_COMPILER_APPICON_NAME = AppIcon;
				ASSETCATALOG_COMPILER_GLOBAL_ACCENT_COLOR_NAME = AccentColor;
				CODE_SIGN_ENTITLEMENTS = macOS/macOS.entitlements;
				CODE_SIGN_IDENTITY = "-";
				CODE_SIGN_STYLE = Automatic;
				COMBINE_HIDPI_IMAGES = YES;
				CURRENT_PROJECT_VERSION = 1;
				ENABLE_PREVIEWS = YES;
				GENERATE_INFOPLIST_FILE = YES;
				INFOPLIST_KEY_NSHumanReadableCopyright = "";
				LD_RUNPATH_SEARCH_PATHS = (
					"$(inherited)",
					"@executable_path/../Frameworks",
				);
				MACOSX_DEPLOYMENT_TARGET = 12.0;
				MARKETING_VERSION = 1.0;
				PRODUCT_BUNDLE_IDENTIFIER = com.kxcoding.Animations;
				PRODUCT_NAME = Animations;
				SDKROOT = macosx;
				SWIFT_EMIT_LOC_STRINGS = YES;
				SWIFT_VERSION = 5.0;
			};
			name = Debug;
		};
		B456406D27D0A144002D4576 /* Release */ = {
			isa = XCBuildConfiguration;
			buildSettings = {
				ASSETCATALOG_COMPILER_APPICON_NAME = AppIcon;
				ASSETCATALOG_COMPILER_GLOBAL_ACCENT_COLOR_NAME = AccentColor;
				CODE_SIGN_ENTITLEMENTS = macOS/macOS.entitlements;
				CODE_SIGN_IDENTITY = "-";
				CODE_SIGN_STYLE = Automatic;
				COMBINE_HIDPI_IMAGES = YES;
				CURRENT_PROJECT_VERSION = 1;
				ENABLE_PREVIEWS = YES;
				GENERATE_INFOPLIST_FILE = YES;
				INFOPLIST_KEY_NSHumanReadableCopyright = "";
				LD_RUNPATH_SEARCH_PATHS = (
					"$(inherited)",
					"@executable_path/../Frameworks",
				);
				MACOSX_DEPLOYMENT_TARGET = 12.0;
				MARKETING_VERSION = 1.0;
				PRODUCT_BUNDLE_IDENTIFIER = com.kxcoding.Animations;
				PRODUCT_NAME = Animations;
				SDKROOT = macosx;
				SWIFT_EMIT_LOC_STRINGS = YES;
				SWIFT_VERSION = 5.0;
			};
			name = Release;
		};
/* End XCBuildConfiguration section */

/* Begin XCConfigurationList section */
		B456404E27D0A144002D4576 /* Build configuration list for PBXProject "Animations" */ = {
			isa = XCConfigurationList;
			buildConfigurations = (
				B456406627D0A144002D4576 /* Debug */,
				B456406727D0A144002D4576 /* Release */,
			);
			defaultConfigurationIsVisible = 0;
			defaultConfigurationName = Release;
		};
		B456406827D0A144002D4576 /* Build configuration list for PBXNativeTarget "Animations (iOS)" */ = {
			isa = XCConfigurationList;
			buildConfigurations = (
				B456406927D0A144002D4576 /* Debug */,
				B456406A27D0A144002D4576 /* Release */,
			);
			defaultConfigurationIsVisible = 0;
			defaultConfigurationName = Release;
		};
		B456406B27D0A144002D4576 /* Build configuration list for PBXNativeTarget "Animations (macOS)" */ = {
			isa = XCConfigurationList;
			buildConfigurations = (
				B456406C27D0A144002D4576 /* Debug */,
				B456406D27D0A144002D4576 /* Release */,
			);
			defaultConfigurationIsVisible = 0;
			defaultConfigurationName = Release;
		};
/* End XCConfigurationList section */
	};
	rootObject = B456404B27D0A144002D4576 /* Project object */;
}
